// !$*UTF8*$!
{
	archiveVersion = 1;
	classes = {
	};
	objectVersion = 56;
	objects = {

/* Begin PBXBuildFile section */
		B67A7FDF2A69500C00E992D5 /* amatznika_testApp.swift in Sources */ = {isa = PBXBuildFile; fileRef = B67A7FDE2A69500C00E992D5 /* amatznika_testApp.swift */; };
		B67A7FE12A69500C00E992D5 /* ContentView.swift in Sources */ = {isa = PBXBuildFile; fileRef = B67A7FE02A69500C00E992D5 /* ContentView.swift */; };
		B67A7FE32A69500D00E992D5 /* Assets.xcassets in Resources */ = {isa = PBXBuildFile; fileRef = B67A7FE22A69500D00E992D5 /* Assets.xcassets */; };
		B67A7FE62A69500D00E992D5 /* Preview Assets.xcassets in Resources */ = {isa = PBXBuildFile; fileRef = B67A7FE52A69500D00E992D5 /* Preview Assets.xcassets */; };
		B67A7FE82A69500D00E992D5 /* Persistence.swift in Sources */ = {isa = PBXBuildFile; fileRef = B67A7FE72A69500D00E992D5 /* Persistence.swift */; };
		B67A7FEB2A69500D00E992D5 /* amatznika_test.xcdatamodeld in Sources */ = {isa = PBXBuildFile; fileRef = B67A7FE92A69500D00E992D5 /* amatznika_test.xcdatamodeld */; };
/* End PBXBuildFile section */

/* Begin PBXFileReference section */
		B67A7FDB2A69500C00E992D5 /* amatznika.test.app */ = {isa = PBXFileReference; explicitFileType = wrapper.application; includeInIndex = 0; path = amatznika.test.app; sourceTree = BUILT_PRODUCTS_DIR; };
		B67A7FDE2A69500C00E992D5 /* amatznika_testApp.swift */ = {isa = PBXFileReference; lastKnownFileType = sourcecode.swift; path = amatznika_testApp.swift; sourceTree = "<group>"; };
		B67A7FE02A69500C00E992D5 /* ContentView.swift */ = {isa = PBXFileReference; lastKnownFileType = sourcecode.swift; path = ContentView.swift; sourceTree = "<group>"; };
		B67A7FE22A69500D00E992D5 /* Assets.xcassets */ = {isa = PBXFileReference; lastKnownFileType = folder.assetcatalog; path = Assets.xcassets; sourceTree = "<group>"; };
		B67A7FE52A69500D00E992D5 /* Preview Assets.xcassets */ = {isa = PBXFileReference; lastKnownFileType = folder.assetcatalog; path = "Preview Assets.xcassets"; sourceTree = "<group>"; };
		B67A7FE72A69500D00E992D5 /* Persistence.swift */ = {isa = PBXFileReference; lastKnownFileType = sourcecode.swift; path = Persistence.swift; sourceTree = "<group>"; };
		B67A7FEA2A69500D00E992D5 /* amatznika_test.xcdatamodel */ = {isa = PBXFileReference; lastKnownFileType = wrapper.xcdatamodel; path = amatznika_test.xcdatamodel; sourceTree = "<group>"; };
/* End PBXFileReference section */

/* Begin PBXFrameworksBuildPhase section */
		B67A7FD82A69500C00E992D5 /* Frameworks */ = {
			isa = PBXFrameworksBuildPhase;
			buildActionMask = 2147483647;
			files = (
			);
			runOnlyForDeploymentPostprocessing = 0;
		};
/* End PBXFrameworksBuildPhase section */

/* Begin PBXGroup section */
		B67A7FD22A69500C00E992D5 = {
			isa = PBXGroup;
			children = (
				B67A7FDD2A69500C00E992D5 /* amatznika.test */,
				B67A7FDC2A69500C00E992D5 /* Products */,
			);
			sourceTree = "<group>";
		};
		B67A7FDC2A69500C00E992D5 /* Products */ = {
			isa = PBXGroup;
			children = (
				B67A7FDB2A69500C00E992D5 /* amatznika.test.app */,
			);
			name = Products;
			sourceTree = "<group>";
		};
		B67A7FDD2A69500C00E992D5 /* amatznika.test */ = {
			isa = PBXGroup;
			children = (
				B67A7FDE2A69500C00E992D5 /* amatznika_testApp.swift */,
				B67A7FE02A69500C00E992D5 /* ContentView.swift */,
				B67A7FE22A69500D00E992D5 /* Assets.xcassets */,
				B67A7FE72A69500D00E992D5 /* Persistence.swift */,
				B67A7FE92A69500D00E992D5 /* amatznika_test.xcdatamodeld */,
				B67A7FE42A69500D00E992D5 /* Preview Content */,
			);
			path = amatznika.test;
			sourceTree = "<group>";
		};
		B67A7FE42A69500D00E992D5 /* Preview Content */ = {
			isa = PBXGroup;
			children = (
				B67A7FE52A69500D00E992D5 /* Preview Assets.xcassets */,
			);
			path = "Preview Content";
			sourceTree = "<group>";
		};
/* End PBXGroup section */

/* Begin PBXNativeTarget section */
		B67A7FDA2A69500C00E992D5 /* amatznika.test */ = {
			isa = PBXNativeTarget;
			buildConfigurationList = B67A7FEE2A69500D00E992D5 /* Build configuration list for PBXNativeTarget "amatznika.test" */;
			buildPhases = (
				B67A7FD72A69500C00E992D5 /* Sources */,
				B67A7FD82A69500C00E992D5 /* Frameworks */,
				B67A7FD92A69500C00E992D5 /* Resources */,
			);
			buildRules = (
			);
			dependencies = (
			);
			name = amatznika.test;
			productName = amatznika.test;
			productReference = B67A7FDB2A69500C00E992D5 /* amatznika.test.app */;
			productType = "com.apple.product-type.application";
		};
/* End PBXNativeTarget section */

/* Begin PBXProject section */
		B67A7FD32A69500C00E992D5 /* Project object */ = {
			isa = PBXProject;
			attributes = {
				BuildIndependentTargetsInParallel = 1;
				LastSwiftUpdateCheck = 1430;
				LastUpgradeCheck = 1430;
				TargetAttributes = {
					B67A7FDA2A69500C00E992D5 = {
						CreatedOnToolsVersion = 14.3.1;
					};
				};
			};
			buildConfigurationList = B67A7FD62A69500C00E992D5 /* Build configuration list for PBXProject "amatznika.test" */;
			compatibilityVersion = "Xcode 14.0";
			developmentRegion = en;
			hasScannedForEncodings = 0;
			knownRegions = (
				en,
				Base,
			);
			mainGroup = B67A7FD22A69500C00E992D5;
			productRefGroup = B67A7FDC2A69500C00E992D5 /* Products */;
			projectDirPath = "";
			projectRoot = "";
			targets = (
				B67A7FDA2A69500C00E992D5 /* amatznika.test */,
			);
		};
/* End PBXProject section */

/* Begin PBXResourcesBuildPhase section */
		B67A7FD92A69500C00E992D5 /* Resources */ = {
			isa = PBXResourcesBuildPhase;
			buildActionMask = 2147483647;
			files = (
				B67A7FE62A69500D00E992D5 /* Preview Assets.xcassets in Resources */,
				B67A7FE32A69500D00E992D5 /* Assets.xcassets in Resources */,
			);
			runOnlyForDeploymentPostprocessing = 0;
		};
/* End PBXResourcesBuildPhase section */

/* Begin PBXSourcesBuildPhase section */
		B67A7FD72A69500C00E992D5 /* Sources */ = {
			isa = PBXSourcesBuildPhase;
			buildActionMask = 2147483647;
			files = (
				B67A7FE82A69500D00E992D5 /* Persistence.swift in Sources */,
				B67A7FE12A69500C00E992D5 /* ContentView.swift in Sources */,
				B67A7FEB2A69500D00E992D5 /* amatznika_test.xcdatamodeld in Sources */,
				B67A7FDF2A69500C00E992D5 /* amatznika_testApp.swift in Sources */,
			);
			runOnlyForDeploymentPostprocessing = 0;
		};
/* End PBXSourcesBuildPhase section */

/* Begin XCBuildConfiguration section */
		B67A7FEC2A69500D00E992D5 /* Debug */ = {
			isa = XCBuildConfiguration;
			buildSettings = {
				ALWAYS_SEARCH_USER_PATHS = NO;
				CLANG_ANALYZER_NONNULL = YES;
				CLANG_ANALYZER_NUMBER_OBJECT_CONVERSION = YES_AGGRESSIVE;
				CLANG_CXX_LANGUAGE_STANDARD = "gnu++20";
				CLANG_ENABLE_MODULES = YES;
				CLANG_ENABLE_OBJC_ARC = YES;
				CLANG_ENABLE_OBJC_WEAK = YES;
				CLANG_WARN_BLOCK_CAPTURE_AUTORELEASING = YES;
				CLANG_WARN_BOOL_CONVERSION = YES;
				CLANG_WARN_COMMA = YES;
				CLANG_WARN_CONSTANT_CONVERSION = YES;
				CLANG_WARN_DEPRECATED_OBJC_IMPLEMENTATIONS = YES;
				CLANG_WARN_DIRECT_OBJC_ISA_USAGE = YES_ERROR;
				CLANG_WARN_DOCUMENTATION_COMMENTS = YES;
				CLANG_WARN_EMPTY_BODY = YES;
				CLANG_WARN_ENUM_CONVERSION = YES;
				CLANG_WARN_INFINITE_RECURSION = YES;
				CLANG_WARN_INT_CONVERSION = YES;
				CLANG_WARN_NON_LITERAL_NULL_CONVERSION = YES;
				CLANG_WARN_OBJC_IMPLICIT_RETAIN_SELF = YES;
				CLANG_WARN_OBJC_LITERAL_CONVERSION = YES;
				CLANG_WARN_OBJC_ROOT_CLASS = YES_ERROR;
				CLANG_WARN_QUOTED_INCLUDE_IN_FRAMEWORK_HEADER = YES;
				CLANG_WARN_RANGE_LOOP_ANALYSIS = YES;
				CLANG_WARN_STRICT_PROTOTYPES = YES;
				CLANG_WARN_SUSPICIOUS_MOVE = YES;
				CLANG_WARN_UNGUARDED_AVAILABILITY = YES_AGGRESSIVE;
				CLANG_WARN_UNREACHABLE_CODE = YES;
				CLANG_WARN__DUPLICATE_METHOD_MATCH = YES;
				COPY_PHASE_STRIP = NO;
				DEBUG_INFORMATION_FORMAT = dwarf;
				ENABLE_STRICT_OBJC_MSGSEND = YES;
				ENABLE_TESTABILITY = YES;
				GCC_C_LANGUAGE_STANDARD = gnu11;
				GCC_DYNAMIC_NO_PIC = NO;
				GCC_NO_COMMON_BLOCKS = YES;
				GCC_OPTIMIZATION_LEVEL = 0;
				GCC_PREPROCESSOR_DEFINITIONS = (
					"DEBUG=1",
					"$(inherited)",
				);
				GCC_WARN_64_TO_32_BIT_CONVERSION = YES;
				GCC_WARN_ABOUT_RETURN_TYPE = YES_ERROR;
				GCC_WARN_UNDECLARED_SELECTOR = YES;
				GCC_WARN_UNINITIALIZED_AUTOS = YES_AGGRESSIVE;
				GCC_WARN_UNUSED_FUNCTION = YES;
				GCC_WARN_UNUSED_VARIABLE = YES;
				IPHONEOS_DEPLOYMENT_TARGET = 16.4;
				MTL_ENABLE_DEBUG_INFO = INCLUDE_SOURCE;
				MTL_FAST_MATH = YES;
				ONLY_ACTIVE_ARCH = YES;
				SDKROOT = iphoneos;
				SWIFT_ACTIVE_COMPILATION_CONDITIONS = DEBUG;
				SWIFT_OPTIMIZATION_LEVEL = "-Onone";
			};
			name = Debug;
		};
		B67A7FED2A69500D00E992D5 /* Release */ = {
			isa = XCBuildConfiguration;
			buildSettings = {
				ALWAYS_SEARCH_USER_PATHS = NO;
				CLANG_ANALYZER_NONNULL = YES;
				CLANG_ANALYZER_NUMBER_OBJECT_CONVERSION = YES_AGGRESSIVE;
				CLANG_CXX_LANGUAGE_STANDARD = "gnu++20";
				CLANG_ENABLE_MODULES = YES;
				CLANG_ENABLE_OBJC_ARC = YES;
				CLANG_ENABLE_OBJC_WEAK = YES;
				CLANG_WARN_BLOCK_CAPTURE_AUTORELEASING = YES;
				CLANG_WARN_BOOL_CONVERSION = YES;
				CLANG_WARN_COMMA = YES;
				CLANG_WARN_CONSTANT_CONVERSION = YES;
				CLANG_WARN_DEPRECATED_OBJC_IMPLEMENTATIONS = YES;
				CLANG_WARN_DIRECT_OBJC_ISA_USAGE = YES_ERROR;
				CLANG_WARN_DOCUMENTATION_COMMENTS = YES;
				CLANG_WARN_EMPTY_BODY = YES;
				CLANG_WARN_ENUM_CONVERSION = YES;
				CLANG_WARN_INFINITE_RECURSION = YES;
				CLANG_WARN_INT_CONVERSION = YES;
				CLANG_WARN_NON_LITERAL_NULL_CONVERSION = YES;
				CLANG_WARN_OBJC_IMPLICIT_RETAIN_SELF = YES;
				CLANG_WARN_OBJC_LITERAL_CONVERSION = YES;
				CLANG_WARN_OBJC_ROOT_CLASS = YES_ERROR;
				CLANG_WARN_QUOTED_INCLUDE_IN_FRAMEWORK_HEADER = YES;
				CLANG_WARN_RANGE_LOOP_ANALYSIS = YES;
				CLANG_WARN_STRICT_PROTOTYPES = YES;
				CLANG_WARN_SUSPICIOUS_MOVE = YES;
				CLANG_WARN_UNGUARDED_AVAILABILITY = YES_AGGRESSIVE;
				CLANG_WARN_UNREACHABLE_CODE = YES;
				CLANG_WARN__DUPLICATE_METHOD_MATCH = YES;
				COPY_PHASE_STRIP = NO;
				DEBUG_INFORMATION_FORMAT = "dwarf-with-dsym";
				ENABLE_NS_ASSERTIONS = NO;
				ENABLE_STRICT_OBJC_MSGSEND = YES;
				GCC_C_LANGUAGE_STANDARD = gnu11;
				GCC_NO_COMMON_BLOCKS = YES;
				GCC_WARN_64_TO_32_BIT_CONVERSION = YES;
				GCC_WARN_ABOUT_RETURN_TYPE = YES_ERROR;
				GCC_WARN_UNDECLARED_SELECTOR = YES;
				GCC_WARN_UNINITIALIZED_AUTOS = YES_AGGRESSIVE;
				GCC_WARN_UNUSED_FUNCTION = YES;
				GCC_WARN_UNUSED_VARIABLE = YES;
				IPHONEOS_DEPLOYMENT_TARGET = 16.4;
				MTL_ENABLE_DEBUG_INFO = NO;
				MTL_FAST_MATH = YES;
				SDKROOT = iphoneos;
				SWIFT_COMPILATION_MODE = wholemodule;
				SWIFT_OPTIMIZATION_LEVEL = "-O";
				VALIDATE_PRODUCT = YES;
			};
			name = Release;
		};
		B67A7FEF2A69500D00E992D5 /* Debug */ = {
			isa = XCBuildConfiguration;
			buildSettings = {
				ASSETCATALOG_COMPILER_APPICON_NAME = AppIcon;
				ASSETCATALOG_COMPILER_GLOBAL_ACCENT_COLOR_NAME = AccentColor;
				CODE_SIGN_STYLE = Automatic;
				CURRENT_PROJECT_VERSION = 1;
				DEVELOPMENT_ASSET_PATHS = "\"amatznika.test/Preview Content\"";
				DEVELOPMENT_TEAM = 84R6YVQAJF;
				ENABLE_PREVIEWS = YES;
				GENERATE_INFOPLIST_FILE = YES;
				INFOPLIST_KEY_UIApplicationSceneManifest_Generation = YES;
				INFOPLIST_KEY_UIApplicationSupportsIndirectInputEvents = YES;
				INFOPLIST_KEY_UILaunchScreen_Generation = YES;
				INFOPLIST_KEY_UISupportedInterfaceOrientations_iPad = "UIInterfaceOrientationPortrait UIInterfaceOrientationPortraitUpsideDown UIInterfaceOrientationLandscapeLeft UIInterfaceOrientationLandscapeRight";
				INFOPLIST_KEY_UISupportedInterfaceOrientations_iPhone = "UIInterfaceOrientationPortrait UIInterfaceOrientationLandscapeLeft UIInterfaceOrientationLandscapeRight";
				LD_RUNPATH_SEARCH_PATHS = (
					"$(inherited)",
					"@executable_path/Frameworks",
				);
				MARKETING_VERSION = 1.0;
				PRODUCT_BUNDLE_IDENTIFIER = "tetra.amatznika-test";
				PRODUCT_NAME = "$(TARGET_NAME)";
				SWIFT_EMIT_LOC_STRINGS = YES;
				SWIFT_VERSION = 5.0;
				TARGETED_DEVICE_FAMILY = "1,2";
			};
			name = Debug;
		};
		B67A7FF02A69500D00E992D5 /* Release */ = {
			isa = XCBuildConfiguration;
			buildSettings = {
				ASSETCATALOG_COMPILER_APPICON_NAME = AppIcon;
				ASSETCATALOG_COMPILER_GLOBAL_ACCENT_COLOR_NAME = AccentColor;
				CODE_SIGN_STYLE = Automatic;
				CURRENT_PROJECT_VERSION = 1;
				DEVELOPMENT_ASSET_PATHS = "\"amatznika.test/Preview Content\"";
				DEVELOPMENT_TEAM = 84R6YVQAJF;
				ENABLE_PREVIEWS = YES;
				GENERATE_INFOPLIST_FILE = YES;
				INFOPLIST_KEY_UIApplicationSceneManifest_Generation = YES;
				INFOPLIST_KEY_UIApplicationSupportsIndirectInputEvents = YES;
				INFOPLIST_KEY_UILaunchScreen_Generation = YES;
				INFOPLIST_KEY_UISupportedInterfaceOrientations_iPad = "UIInterfaceOrientationPortrait UIInterfaceOrientationPortraitUpsideDown UIInterfaceOrientationLandscapeLeft UIInterfaceOrientationLandscapeRight";
				INFOPLIST_KEY_UISupportedInterfaceOrientations_iPhone = "UIInterfaceOrientationPortrait UIInterfaceOrientationLandscapeLeft UIInterfaceOrientationLandscapeRight";
				LD_RUNPATH_SEARCH_PATHS = (
					"$(inherited)",
					"@executable_path/Frameworks",
				);
				MARKETING_VERSION = 1.0;
				PRODUCT_BUNDLE_IDENTIFIER = "tetra.amatznika-test";
				PRODUCT_NAME = "$(TARGET_NAME)";
				SWIFT_EMIT_LOC_STRINGS = YES;
				SWIFT_VERSION = 5.0;
				TARGETED_DEVICE_FAMILY = "1,2";
			};
			name = Release;
		};
/* End XCBuildConfiguration section */

/* Begin XCConfigurationList section */
		B67A7FD62A69500C00E992D5 /* Build configuration list for PBXProject "amatznika.test" */ = {
			isa = XCConfigurationList;
			buildConfigurations = (
				B67A7FEC2A69500D00E992D5 /* Debug */,
				B67A7FED2A69500D00E992D5 /* Release */,
			);
			defaultConfigurationIsVisible = 0;
			defaultConfigurationName = Release;
		};
		B67A7FEE2A69500D00E992D5 /* Build configuration list for PBXNativeTarget "amatznika.test" */ = {
			isa = XCConfigurationList;
			buildConfigurations = (
				B67A7FEF2A69500D00E992D5 /* Debug */,
				B67A7FF02A69500D00E992D5 /* Release */,
			);
			defaultConfigurationIsVisible = 0;
			defaultConfigurationName = Release;
		};
/* End XCConfigurationList section */

/* Begin XCVersionGroup section */
		B67A7FE92A69500D00E992D5 /* amatznika_test.xcdatamodeld */ = {
			isa = XCVersionGroup;
			children = (
				B67A7FEA2A69500D00E992D5 /* amatznika_test.xcdatamodel */,
			);
			currentVersion = B67A7FEA2A69500D00E992D5 /* amatznika_test.xcdatamodel */;
			path = amatznika_test.xcdatamodeld;
			sourceTree = "<group>";
			versionGroupType = wrapper.xcdatamodel;
		};
/* End XCVersionGroup section */
	};
	rootObject = B67A7FD32A69500C00E992D5 /* Project object */;
}
